
Microsoft Visual Studio Solution File, Format Version 12.00
# Visual Studio Version 17
VisualStudioVersion = 17.5.002.0
MinimumVisualStudioVersion = 10.0.40219.1
Project("{9A19103F-16F7-4668-BE54-9A1E7A4F7556}") = "Hulk", "Hulk.csproj", "{E4D6AE08-1339-4E7B-8C8A-EC887FC037BD}"
EndProject
Global
	GlobalSection(SolutionConfigurationPlatforms) = preSolution
		Debug|Any CPU = Debug|Any CPU
		Release|Any CPU = Release|Any CPU
	EndGlobalSection
	GlobalSection(ProjectConfigurationPlatforms) = postSolution
		{E4D6AE08-1339-4E7B-8C8A-EC887FC037BD}.Debug|Any CPU.ActiveCfg = Debug|Any CPU
		{E4D6AE08-1339-4E7B-8C8A-EC887FC037BD}.Debug|Any CPU.Build.0 = Debug|Any CPU
		{E4D6AE08-1339-4E7B-8C8A-EC887FC037BD}.Release|Any CPU.ActiveCfg = Release|Any CPU
		{E4D6AE08-1339-4E7B-8C8A-EC887FC037BD}.Release|Any CPU.Build.0 = Release|Any CPU
	EndGlobalSection
	GlobalSection(SolutionProperties) = preSolution
		HideSolutionNode = FALSE
	EndGlobalSection
	GlobalSection(ExtensibilityGlobals) = postSolution
		SolutionGuid = {7603E73A-0695-46F8-8C83-F3D970F614F6}
	EndGlobalSection
EndGlobal
